
Microsoft Visual Studio Solution File, Format Version 12.00
# Visual Studio Version 17
VisualStudioVersion = 17.0.32126.317
MinimumVisualStudioVersion = 10.0.40219.1
Project("{FAE04EC0-301F-11D3-BF4B-00C04F79EFBC}") = "ConsoleApp1", "ConsoleApp1\ConsoleApp1.csproj", "{167EBBAF-7022-43E9-8FDE-A8F156CF2333}"
EndProject
Global
	GlobalSection(SolutionConfigurationPlatforms) = preSolution
		Debug|Any CPU = Debug|Any CPU
		Release|Any CPU = Release|Any CPU
	EndGlobalSection
	GlobalSection(ProjectConfigurationPlatforms) = postSolution
		{167EBBAF-7022-43E9-8FDE-A8F156CF2333}.Debug|Any CPU.ActiveCfg = Debug|Any CPU
		{167EBBAF-7022-43E9-8FDE-A8F156CF2333}.Debug|Any CPU.Build.0 = Debug|Any CPU
		{167EBBAF-7022-43E9-8FDE-A8F156CF2333}.Release|Any CPU.ActiveCfg = Release|Any CPU
		{167EBBAF-7022-43E9-8FDE-A8F156CF2333}.Release|Any CPU.Build.0 = Release|Any CPU
	EndGlobalSection
	GlobalSection(SolutionProperties) = preSolution
		HideSolutionNode = FALSE
	EndGlobalSection
	GlobalSection(ExtensibilityGlobals) = postSolution
		SolutionGuid = {5782A4E4-E6FE-4BFC-93E3-50DB83C3B649}
	EndGlobalSection
EndGlobal
